// !$*UTF8*$!
{
	archiveVersion = 1;
	classes = {
	};
	objectVersion = 56;
	objects = {

/* Begin PBXBuildFile section */
		A10000000000000000000001 /* LevyHomeApp.swift in Sources */ = {isa = PBXBuildFile; fileRef = A10000000000000000000010 /* LevyHomeApp.swift */; };
		A10000000000000000000002 /* Assets.xcassets in Resources */ = {isa = PBXBuildFile; fileRef = A10000000000000000000011 /* Assets.xcassets */; };
		A10000000000000000000003 /* PrivacyInfo.xcprivacy in Resources */ = {isa = PBXBuildFile; fileRef = A10000000000000000000013 /* PrivacyInfo.xcprivacy */; };
		A10000000000000000000005 /* AppConfig.swift in Sources */ = {isa = PBXBuildFile; fileRef = A10000000000000000000014 /* AppConfig.swift */; };
		A10000000000000000000006 /* AppEnvironment.swift in Sources */ = {isa = PBXBuildFile; fileRef = A10000000000000000000015 /* AppEnvironment.swift */; };
		A10000000000000000000007 /* BuildConfiguration.swift in Sources */ = {isa = PBXBuildFile; fileRef = A10000000000000000000016 /* BuildConfiguration.swift */; };
		A10000000000000000000008 /* RootTabView.swift in Sources */ = {isa = PBXBuildFile; fileRef = A10000000000000000000017 /* RootTabView.swift */; };
		A10000000000000000000009 /* HomeView.swift in Sources */ = {isa = PBXBuildFile; fileRef = A10000000000000000000018 /* HomeView.swift */; };
		A1000000000000000000000A /* ActivityView.swift in Sources */ = {isa = PBXBuildFile; fileRef = A10000000000000000000019 /* ActivityView.swift */; };
		A1000000000000000000000B /* NotificationHubView.swift in Sources */ = {isa = PBXBuildFile; fileRef = A1000000000000000000001A /* NotificationHubView.swift */; };
		A1000000000000000000000C /* NotificationPreferencesView.swift in Sources */ = {isa = PBXBuildFile; fileRef = A1000000000000000000001B /* NotificationPreferencesView.swift */; };
		A20000000000000000000001 /* AppColors.swift in Sources */ = {isa = PBXBuildFile; fileRef = A20000000000000000000011 /* AppColors.swift */; };
		A20000000000000000000002 /* AppSpacing.swift in Sources */ = {isa = PBXBuildFile; fileRef = A20000000000000000000012 /* AppSpacing.swift */; };
		A20000000000000000000003 /* InfoPanel.swift in Sources */ = {isa = PBXBuildFile; fileRef = A20000000000000000000013 /* InfoPanel.swift */; };
		A20000000000000000000004 /* ErrorBannerView.swift in Sources */ = {isa = PBXBuildFile; fileRef = A20000000000000000000014 /* ErrorBannerView.swift */; };
		A20000000000000000000005 /* PrimaryActionButton.swift in Sources */ = {isa = PBXBuildFile; fileRef = A20000000000000000000015 /* PrimaryActionButton.swift */; };
		A20000000000000000000006 /* StatusBadgeView.swift in Sources */ = {isa = PBXBuildFile; fileRef = A20000000000000000000016 /* StatusBadgeView.swift */; };
		A20000000000000000000007 /* AppScreenChrome.swift in Sources */ = {isa = PBXBuildFile; fileRef = A20000000000000000000017 /* AppScreenChrome.swift */; };
		A20000000000000000000008 /* SwipeRevealActionRow.swift in Sources */ = {isa = PBXBuildFile; fileRef = A20000000000000000000018 /* SwipeRevealActionRow.swift */; };
		A30000000000000000000001 /* GarageStatusCard.swift in Sources */ = {isa = PBXBuildFile; fileRef = A30000000000000000000011 /* GarageStatusCard.swift */; };
		A30000000000000000000002 /* LightSummaryCard.swift in Sources */ = {isa = PBXBuildFile; fileRef = A30000000000000000000012 /* LightSummaryCard.swift */; };
		A30000000000000000000003 /* RecentImportantEventView.swift in Sources */ = {isa = PBXBuildFile; fileRef = A30000000000000000000013 /* RecentImportantEventView.swift */; };
		A30000000000000000000004 /* QuickActionsView.swift in Sources */ = {isa = PBXBuildFile; fileRef = A30000000000000000000014 /* QuickActionsView.swift */; };
		A30000000000000000000005 /* PreviewData.swift in Sources */ = {isa = PBXBuildFile; fileRef = A30000000000000000000015 /* PreviewData.swift */; };
		A40000000000000000000001 /* EventType.swift in Sources */ = {isa = PBXBuildFile; fileRef = A40000000000000000000011 /* EventType.swift */; };
		A40000000000000000000002 /* EventSeverity.swift in Sources */ = {isa = PBXBuildFile; fileRef = A40000000000000000000012 /* EventSeverity.swift */; };
		A40000000000000000000003 /* LevyHomeEvent.swift in Sources */ = {isa = PBXBuildFile; fileRef = A40000000000000000000013 /* LevyHomeEvent.swift */; };
		A40000000000000000000004 /* HomeOverview.swift in Sources */ = {isa = PBXBuildFile; fileRef = A40000000000000000000014 /* HomeOverview.swift */; };
		A40000000000000000000005 /* GarageStatus.swift in Sources */ = {isa = PBXBuildFile; fileRef = A40000000000000000000015 /* GarageStatus.swift */; };
		A40000000000000000000006 /* LightSummary.swift in Sources */ = {isa = PBXBuildFile; fileRef = A40000000000000000000016 /* LightSummary.swift */; };
		A40000000000000000000007 /* QuickAction.swift in Sources */ = {isa = PBXBuildFile; fileRef = A40000000000000000000017 /* QuickAction.swift */; };
		A40000000000000000000008 /* NotificationPreference.swift in Sources */ = {isa = PBXBuildFile; fileRef = A40000000000000000000018 /* NotificationPreference.swift */; };
		A50000000000000000000003 /* ModelDecodingTests.swift in Sources */ = {isa = PBXBuildFile; fileRef = A50000000000000000000002 /* ModelDecodingTests.swift */; };
		A60000000000000000000001 /* APIError.swift in Sources */ = {isa = PBXBuildFile; fileRef = A60000000000000000000011 /* APIError.swift */; };
		A60000000000000000000002 /* APIRequests.swift in Sources */ = {isa = PBXBuildFile; fileRef = A60000000000000000000012 /* APIRequests.swift */; };
		A60000000000000000000003 /* APIResponses.swift in Sources */ = {isa = PBXBuildFile; fileRef = A60000000000000000000013 /* APIResponses.swift */; };
		A60000000000000000000004 /* APIModelDecodingTests.swift in Sources */ = {isa = PBXBuildFile; fileRef = A60000000000000000000014 /* APIModelDecodingTests.swift */; };
		A70000000000000000000001 /* APIClient.swift in Sources */ = {isa = PBXBuildFile; fileRef = A70000000000000000000011 /* APIClient.swift */; };
		A70000000000000000000002 /* APIClientTests.swift in Sources */ = {isa = PBXBuildFile; fileRef = A70000000000000000000012 /* APIClientTests.swift */; };
		A80000000000000000000001 /* ActivityViewModel.swift in Sources */ = {isa = PBXBuildFile; fileRef = A80000000000000000000011 /* ActivityViewModel.swift */; };
		A80000000000000000000002 /* DateFormattingService.swift in Sources */ = {isa = PBXBuildFile; fileRef = A80000000000000000000012 /* DateFormattingService.swift */; };
		A80000000000000000000003 /* SeverityBadgeView.swift in Sources */ = {isa = PBXBuildFile; fileRef = A80000000000000000000013 /* SeverityBadgeView.swift */; };
		A80000000000000000000004 /* EventCardView.swift in Sources */ = {isa = PBXBuildFile; fileRef = A80000000000000000000014 /* EventCardView.swift */; };
		A80000000000000000000005 /* ActivityViewModelTests.swift in Sources */ = {isa = PBXBuildFile; fileRef = A80000000000000000000015 /* ActivityViewModelTests.swift */; };
		A90000000000000000000001 /* NotificationPreferencesService.swift in Sources */ = {isa = PBXBuildFile; fileRef = A90000000000000000000011 /* NotificationPreferencesService.swift */; };
		A90000000000000000000002 /* NotificationPreferencesViewModel.swift in Sources */ = {isa = PBXBuildFile; fileRef = A90000000000000000000012 /* NotificationPreferencesViewModel.swift */; };
		A90000000000000000000003 /* NotificationDeliveryStatusView.swift in Sources */ = {isa = PBXBuildFile; fileRef = A90000000000000000000013 /* NotificationDeliveryStatusView.swift */; };
		A90000000000000000000004 /* NotificationPreferencesViewModelTests.swift in Sources */ = {isa = PBXBuildFile; fileRef = A90000000000000000000014 /* NotificationPreferencesViewModelTests.swift */; };
		AA0000000000000000000001 /* PreferencesView.swift in Sources */ = {isa = PBXBuildFile; fileRef = AA0000000000000000000011 /* PreferencesView.swift */; };
		B10000000000000000000001 /* HomeStatusService.swift in Sources */ = {isa = PBXBuildFile; fileRef = B10000000000000000000011 /* HomeStatusService.swift */; };
		B10000000000000000000002 /* HomeOverviewViewModel.swift in Sources */ = {isa = PBXBuildFile; fileRef = B10000000000000000000012 /* HomeOverviewViewModel.swift */; };
		B10000000000000000000003 /* HomeOverviewViewModelTests.swift in Sources */ = {isa = PBXBuildFile; fileRef = B10000000000000000000013 /* HomeOverviewViewModelTests.swift */; };
		B30000000000000000000001 /* HomeWeatherSnapshot.swift in Sources */ = {isa = PBXBuildFile; fileRef = B30000000000000000000011 /* HomeWeatherSnapshot.swift */; };
		B30000000000000000000002 /* HomeWeatherService.swift in Sources */ = {isa = PBXBuildFile; fileRef = B30000000000000000000012 /* HomeWeatherService.swift */; };
		B30000000000000000000003 /* HomeWeatherViewModel.swift in Sources */ = {isa = PBXBuildFile; fileRef = B30000000000000000000013 /* HomeWeatherViewModel.swift */; };
		B30000000000000000000004 /* HomeWeatherViewModelTests.swift in Sources */ = {isa = PBXBuildFile; fileRef = B30000000000000000000014 /* HomeWeatherViewModelTests.swift */; };
		B20000000000000000000001 /* QuickActionService.swift in Sources */ = {isa = PBXBuildFile; fileRef = B20000000000000000000011 /* QuickActionService.swift */; };
		B20000000000000000000002 /* QuickActionsViewModel.swift in Sources */ = {isa = PBXBuildFile; fileRef = B20000000000000000000012 /* QuickActionsViewModel.swift */; };
		B20000000000000000000003 /* QuickActionsViewModelTests.swift in Sources */ = {isa = PBXBuildFile; fileRef = B20000000000000000000013 /* QuickActionsViewModelTests.swift */; };
		B20000000000000000000004 /* GarageCompletionWatchPolicyTests.swift in Sources */ = {isa = PBXBuildFile; fileRef = B20000000000000000000014 /* GarageCompletionWatchPolicyTests.swift */; };
		E20000000000000000000003 /* ShoppingListViewModelTests.swift in Sources */ = {isa = PBXBuildFile; fileRef = E20000000000000000000013 /* ShoppingListViewModelTests.swift */; };
		C10000000000000000000001 /* AppDelegate.swift in Sources */ = {isa = PBXBuildFile; fileRef = C10000000000000000000011 /* AppDelegate.swift */; };
		C10000000000000000000002 /* NotificationService.swift in Sources */ = {isa = PBXBuildFile; fileRef = C10000000000000000000012 /* NotificationService.swift */; };
		C10000000000000000000003 /* PushRegistrationViewModel.swift in Sources */ = {isa = PBXBuildFile; fileRef = C10000000000000000000013 /* PushRegistrationViewModel.swift */; };
		C10000000000000000000004 /* DebugView.swift in Sources */ = {isa = PBXBuildFile; fileRef = C10000000000000000000014 /* DebugView.swift */; };
		C10000000000000000000005 /* PushRegistrationViewModelTests.swift in Sources */ = {isa = PBXBuildFile; fileRef = C10000000000000000000015 /* PushRegistrationViewModelTests.swift */; };
		D10000000000000000000001 /* ThemePreference.swift in Sources */ = {isa = PBXBuildFile; fileRef = D10000000000000000000011 /* ThemePreference.swift */; };
		D10000000000000000000002 /* ThemePreferenceService.swift in Sources */ = {isa = PBXBuildFile; fileRef = D10000000000000000000012 /* ThemePreferenceService.swift */; };
		D10000000000000000000003 /* ThemePreferenceViewModel.swift in Sources */ = {isa = PBXBuildFile; fileRef = D10000000000000000000013 /* ThemePreferenceViewModel.swift */; };
		D10000000000000000000004 /* ThemePreferenceView.swift in Sources */ = {isa = PBXBuildFile; fileRef = D10000000000000000000014 /* ThemePreferenceView.swift */; };
		D10000000000000000000005 /* ThemePreferenceViewModelTests.swift in Sources */ = {isa = PBXBuildFile; fileRef = D10000000000000000000015 /* ThemePreferenceViewModelTests.swift */; };
		E00000000000000000000001 /* ToDoView.swift in Sources */ = {isa = PBXBuildFile; fileRef = E00000000000000000000011 /* ToDoView.swift */; };
		E10000000000000000000001 /* ShoppingListMockupView.swift in Sources */ = {isa = PBXBuildFile; fileRef = E10000000000000000000011 /* ShoppingListMockupView.swift */; };
		E70000000000000000000001 /* ShoppingListLiveService.swift in Sources */ = {isa = PBXBuildFile; fileRef = E70000000000000000000011 /* ShoppingListLiveService.swift */; };
/* End PBXBuildFile section */

/* Begin PBXContainerItemProxy section */
		A5000000000000000000000C /* PBXContainerItemProxy */ = {
			isa = PBXContainerItemProxy;
			containerPortal = A10000000000000000000041 /* Project object */;
			proxyType = 1;
			remoteGlobalIDString = A10000000000000000000040;
			remoteInfo = LevyHome;
		};
/* End PBXContainerItemProxy section */

/* Begin PBXFileReference section */
		3ED0FA092FE73778007B46DD /* LevyHomeRelease.entitlements */ = {isa = PBXFileReference; lastKnownFileType = text.plist.entitlements; path = LevyHomeRelease.entitlements; sourceTree = "<group>"; };
		A10000000000000000000004 /* LevyHome.app */ = {isa = PBXFileReference; explicitFileType = wrapper.application; includeInIndex = 0; path = LevyHome.app; sourceTree = BUILT_PRODUCTS_DIR; };
		A10000000000000000000010 /* LevyHomeApp.swift */ = {isa = PBXFileReference; lastKnownFileType = sourcecode.swift; path = LevyHomeApp.swift; sourceTree = "<group>"; };
		A10000000000000000000011 /* Assets.xcassets */ = {isa = PBXFileReference; lastKnownFileType = folder.assetcatalog; path = Assets.xcassets; sourceTree = "<group>"; };
		A10000000000000000000012 /* Info.plist */ = {isa = PBXFileReference; lastKnownFileType = text.plist.xml; path = Info.plist; sourceTree = "<group>"; };
		A10000000000000000000013 /* PrivacyInfo.xcprivacy */ = {isa = PBXFileReference; lastKnownFileType = text.xml; path = PrivacyInfo.xcprivacy; sourceTree = "<group>"; };
		A10000000000000000000014 /* AppConfig.swift */ = {isa = PBXFileReference; lastKnownFileType = sourcecode.swift; path = AppConfig.swift; sourceTree = "<group>"; };
		A10000000000000000000015 /* AppEnvironment.swift */ = {isa = PBXFileReference; lastKnownFileType = sourcecode.swift; path = AppEnvironment.swift; sourceTree = "<group>"; };
		A10000000000000000000016 /* BuildConfiguration.swift */ = {isa = PBXFileReference; lastKnownFileType = sourcecode.swift; path = BuildConfiguration.swift; sourceTree = "<group>"; };
		A10000000000000000000017 /* RootTabView.swift */ = {isa = PBXFileReference; lastKnownFileType = sourcecode.swift; path = RootTabView.swift; sourceTree = "<group>"; };
		A10000000000000000000018 /* HomeView.swift */ = {isa = PBXFileReference; lastKnownFileType = sourcecode.swift; path = HomeView.swift; sourceTree = "<group>"; };
		A10000000000000000000019 /* ActivityView.swift */ = {isa = PBXFileReference; lastKnownFileType = sourcecode.swift; path = ActivityView.swift; sourceTree = "<group>"; };
		A1000000000000000000001A /* NotificationHubView.swift */ = {isa = PBXFileReference; lastKnownFileType = sourcecode.swift; path = NotificationHubView.swift; sourceTree = "<group>"; };
		A1000000000000000000001B /* NotificationPreferencesView.swift */ = {isa = PBXFileReference; lastKnownFileType = sourcecode.swift; path = NotificationPreferencesView.swift; sourceTree = "<group>"; };
		A20000000000000000000011 /* AppColors.swift */ = {isa = PBXFileReference; lastKnownFileType = sourcecode.swift; path = AppColors.swift; sourceTree = "<group>"; };
		A20000000000000000000012 /* AppSpacing.swift */ = {isa = PBXFileReference; lastKnownFileType = sourcecode.swift; path = AppSpacing.swift; sourceTree = "<group>"; };
		A20000000000000000000013 /* InfoPanel.swift */ = {isa = PBXFileReference; lastKnownFileType = sourcecode.swift; path = InfoPanel.swift; sourceTree = "<group>"; };
		A20000000000000000000014 /* ErrorBannerView.swift */ = {isa = PBXFileReference; lastKnownFileType = sourcecode.swift; path = ErrorBannerView.swift; sourceTree = "<group>"; };
		A20000000000000000000015 /* PrimaryActionButton.swift */ = {isa = PBXFileReference; lastKnownFileType = sourcecode.swift; path = PrimaryActionButton.swift; sourceTree = "<group>"; };
		A20000000000000000000016 /* StatusBadgeView.swift */ = {isa = PBXFileReference; lastKnownFileType = sourcecode.swift; path = StatusBadgeView.swift; sourceTree = "<group>"; };
		A20000000000000000000017 /* AppScreenChrome.swift */ = {isa = PBXFileReference; lastKnownFileType = sourcecode.swift; path = AppScreenChrome.swift; sourceTree = "<group>"; };
		A20000000000000000000018 /* SwipeRevealActionRow.swift */ = {isa = PBXFileReference; lastKnownFileType = sourcecode.swift; path = SwipeRevealActionRow.swift; sourceTree = "<group>"; };
		A30000000000000000000011 /* GarageStatusCard.swift */ = {isa = PBXFileReference; lastKnownFileType = sourcecode.swift; path = GarageStatusCard.swift; sourceTree = "<group>"; };
		A30000000000000000000012 /* LightSummaryCard.swift */ = {isa = PBXFileReference; lastKnownFileType = sourcecode.swift; path = LightSummaryCard.swift; sourceTree = "<group>"; };
		A30000000000000000000013 /* RecentImportantEventView.swift */ = {isa = PBXFileReference; lastKnownFileType = sourcecode.swift; path = RecentImportantEventView.swift; sourceTree = "<group>"; };
		A30000000000000000000014 /* QuickActionsView.swift */ = {isa = PBXFileReference; lastKnownFileType = sourcecode.swift; path = QuickActionsView.swift; sourceTree = "<group>"; };
		A30000000000000000000015 /* PreviewData.swift */ = {isa = PBXFileReference; lastKnownFileType = sourcecode.swift; path = PreviewData.swift; sourceTree = "<group>"; };
		A40000000000000000000011 /* EventType.swift */ = {isa = PBXFileReference; lastKnownFileType = sourcecode.swift; path = EventType.swift; sourceTree = "<group>"; };
		A40000000000000000000012 /* EventSeverity.swift */ = {isa = PBXFileReference; lastKnownFileType = sourcecode.swift; path = EventSeverity.swift; sourceTree = "<group>"; };
		A40000000000000000000013 /* LevyHomeEvent.swift */ = {isa = PBXFileReference; lastKnownFileType = sourcecode.swift; path = LevyHomeEvent.swift; sourceTree = "<group>"; };
		A40000000000000000000014 /* HomeOverview.swift */ = {isa = PBXFileReference; lastKnownFileType = sourcecode.swift; path = HomeOverview.swift; sourceTree = "<group>"; };
		A40000000000000000000015 /* GarageStatus.swift */ = {isa = PBXFileReference; lastKnownFileType = sourcecode.swift; path = GarageStatus.swift; sourceTree = "<group>"; };
		A40000000000000000000016 /* LightSummary.swift */ = {isa = PBXFileReference; lastKnownFileType = sourcecode.swift; path = LightSummary.swift; sourceTree = "<group>"; };
		A40000000000000000000017 /* QuickAction.swift */ = {isa = PBXFileReference; lastKnownFileType = sourcecode.swift; path = QuickAction.swift; sourceTree = "<group>"; };
		A40000000000000000000018 /* NotificationPreference.swift */ = {isa = PBXFileReference; lastKnownFileType = sourcecode.swift; path = NotificationPreference.swift; sourceTree = "<group>"; };
		A50000000000000000000001 /* LevyHomeTests.xctest */ = {isa = PBXFileReference; explicitFileType = wrapper.cfbundle; includeInIndex = 0; path = LevyHomeTests.xctest; sourceTree = BUILT_PRODUCTS_DIR; };
		A50000000000000000000002 /* ModelDecodingTests.swift */ = {isa = PBXFileReference; lastKnownFileType = sourcecode.swift; path = ModelDecodingTests.swift; sourceTree = "<group>"; };
		A60000000000000000000011 /* APIError.swift */ = {isa = PBXFileReference; lastKnownFileType = sourcecode.swift; path = APIError.swift; sourceTree = "<group>"; };
		A60000000000000000000012 /* APIRequests.swift */ = {isa = PBXFileReference; lastKnownFileType = sourcecode.swift; path = APIRequests.swift; sourceTree = "<group>"; };
		A60000000000000000000013 /* APIResponses.swift */ = {isa = PBXFileReference; lastKnownFileType = sourcecode.swift; path = APIResponses.swift; sourceTree = "<group>"; };
		A60000000000000000000014 /* APIModelDecodingTests.swift */ = {isa = PBXFileReference; lastKnownFileType = sourcecode.swift; path = APIModelDecodingTests.swift; sourceTree = "<group>"; };
		A70000000000000000000011 /* APIClient.swift */ = {isa = PBXFileReference; lastKnownFileType = sourcecode.swift; path = APIClient.swift; sourceTree = "<group>"; };
		A70000000000000000000012 /* APIClientTests.swift */ = {isa = PBXFileReference; lastKnownFileType = sourcecode.swift; path = APIClientTests.swift; sourceTree = "<group>"; };
		A80000000000000000000011 /* ActivityViewModel.swift */ = {isa = PBXFileReference; lastKnownFileType = sourcecode.swift; path = ActivityViewModel.swift; sourceTree = "<group>"; };
		A80000000000000000000012 /* DateFormattingService.swift */ = {isa = PBXFileReference; lastKnownFileType = sourcecode.swift; path = DateFormattingService.swift; sourceTree = "<group>"; };
		A80000000000000000000013 /* SeverityBadgeView.swift */ = {isa = PBXFileReference; lastKnownFileType = sourcecode.swift; path = SeverityBadgeView.swift; sourceTree = "<group>"; };
		A80000000000000000000014 /* EventCardView.swift */ = {isa = PBXFileReference; lastKnownFileType = sourcecode.swift; path = EventCardView.swift; sourceTree = "<group>"; };
		A80000000000000000000015 /* ActivityViewModelTests.swift */ = {isa = PBXFileReference; lastKnownFileType = sourcecode.swift; path = ActivityViewModelTests.swift; sourceTree = "<group>"; };
		A90000000000000000000011 /* NotificationPreferencesService.swift */ = {isa = PBXFileReference; lastKnownFileType = sourcecode.swift; path = NotificationPreferencesService.swift; sourceTree = "<group>"; };
		A90000000000000000000012 /* NotificationPreferencesViewModel.swift */ = {isa = PBXFileReference; lastKnownFileType = sourcecode.swift; path = NotificationPreferencesViewModel.swift; sourceTree = "<group>"; };
		A90000000000000000000013 /* NotificationDeliveryStatusView.swift */ = {isa = PBXFileReference; lastKnownFileType = sourcecode.swift; path = NotificationDeliveryStatusView.swift; sourceTree = "<group>"; };
		A90000000000000000000014 /* NotificationPreferencesViewModelTests.swift */ = {isa = PBXFileReference; lastKnownFileType = sourcecode.swift; path = NotificationPreferencesViewModelTests.swift; sourceTree = "<group>"; };
		AA0000000000000000000011 /* PreferencesView.swift */ = {isa = PBXFileReference; lastKnownFileType = sourcecode.swift; path = PreferencesView.swift; sourceTree = "<group>"; };
		B10000000000000000000011 /* HomeStatusService.swift */ = {isa = PBXFileReference; lastKnownFileType = sourcecode.swift; path = HomeStatusService.swift; sourceTree = "<group>"; };
		B10000000000000000000012 /* HomeOverviewViewModel.swift */ = {isa = PBXFileReference; lastKnownFileType = sourcecode.swift; path = HomeOverviewViewModel.swift; sourceTree = "<group>"; };
		B10000000000000000000013 /* HomeOverviewViewModelTests.swift */ = {isa = PBXFileReference; lastKnownFileType = sourcecode.swift; path = HomeOverviewViewModelTests.swift; sourceTree = "<group>"; };
		B30000000000000000000011 /* HomeWeatherSnapshot.swift */ = {isa = PBXFileReference; lastKnownFileType = sourcecode.swift; path = HomeWeatherSnapshot.swift; sourceTree = "<group>"; };
		B30000000000000000000012 /* HomeWeatherService.swift */ = {isa = PBXFileReference; lastKnownFileType = sourcecode.swift; path = HomeWeatherService.swift; sourceTree = "<group>"; };
		B30000000000000000000013 /* HomeWeatherViewModel.swift */ = {isa = PBXFileReference; lastKnownFileType = sourcecode.swift; path = HomeWeatherViewModel.swift; sourceTree = "<group>"; };
		B30000000000000000000014 /* HomeWeatherViewModelTests.swift */ = {isa = PBXFileReference; lastKnownFileType = sourcecode.swift; path = HomeWeatherViewModelTests.swift; sourceTree = "<group>"; };
		B20000000000000000000011 /* QuickActionService.swift */ = {isa = PBXFileReference; lastKnownFileType = sourcecode.swift; path = QuickActionService.swift; sourceTree = "<group>"; };
		B20000000000000000000012 /* QuickActionsViewModel.swift */ = {isa = PBXFileReference; lastKnownFileType = sourcecode.swift; path = QuickActionsViewModel.swift; sourceTree = "<group>"; };
		B20000000000000000000013 /* QuickActionsViewModelTests.swift */ = {isa = PBXFileReference; lastKnownFileType = sourcecode.swift; path = QuickActionsViewModelTests.swift; sourceTree = "<group>"; };
		B20000000000000000000014 /* GarageCompletionWatchPolicyTests.swift */ = {isa = PBXFileReference; lastKnownFileType = sourcecode.swift; path = GarageCompletionWatchPolicyTests.swift; sourceTree = "<group>"; };
		E20000000000000000000013 /* ShoppingListViewModelTests.swift */ = {isa = PBXFileReference; lastKnownFileType = sourcecode.swift; path = ShoppingListViewModelTests.swift; sourceTree = "<group>"; };
		C10000000000000000000010 /* LevyHome.entitlements */ = {isa = PBXFileReference; lastKnownFileType = text.plist.entitlements; path = LevyHome.entitlements; sourceTree = "<group>"; };
		C10000000000000000000011 /* AppDelegate.swift */ = {isa = PBXFileReference; lastKnownFileType = sourcecode.swift; path = AppDelegate.swift; sourceTree = "<group>"; };
		C10000000000000000000012 /* NotificationService.swift */ = {isa = PBXFileReference; lastKnownFileType = sourcecode.swift; path = NotificationService.swift; sourceTree = "<group>"; };
		C10000000000000000000013 /* PushRegistrationViewModel.swift */ = {isa = PBXFileReference; lastKnownFileType = sourcecode.swift; path = PushRegistrationViewModel.swift; sourceTree = "<group>"; };
		C10000000000000000000014 /* DebugView.swift */ = {isa = PBXFileReference; lastKnownFileType = sourcecode.swift; path = DebugView.swift; sourceTree = "<group>"; };
		C10000000000000000000015 /* PushRegistrationViewModelTests.swift */ = {isa = PBXFileReference; lastKnownFileType = sourcecode.swift; path = PushRegistrationViewModelTests.swift; sourceTree = "<group>"; };
		D10000000000000000000011 /* ThemePreference.swift */ = {isa = PBXFileReference; lastKnownFileType = sourcecode.swift; path = ThemePreference.swift; sourceTree = "<group>"; };
		D10000000000000000000012 /* ThemePreferenceService.swift */ = {isa = PBXFileReference; lastKnownFileType = sourcecode.swift; path = ThemePreferenceService.swift; sourceTree = "<group>"; };
		D10000000000000000000013 /* ThemePreferenceViewModel.swift */ = {isa = PBXFileReference; lastKnownFileType = sourcecode.swift; path = ThemePreferenceViewModel.swift; sourceTree = "<group>"; };
		D10000000000000000000014 /* ThemePreferenceView.swift */ = {isa = PBXFileReference; lastKnownFileType = sourcecode.swift; path = ThemePreferenceView.swift; sourceTree = "<group>"; };
		D10000000000000000000015 /* ThemePreferenceViewModelTests.swift */ = {isa = PBXFileReference; lastKnownFileType = sourcecode.swift; path = ThemePreferenceViewModelTests.swift; sourceTree = "<group>"; };
		E00000000000000000000011 /* ToDoView.swift */ = {isa = PBXFileReference; lastKnownFileType = sourcecode.swift; path = ToDoView.swift; sourceTree = "<group>"; };
		E10000000000000000000011 /* ShoppingListMockupView.swift */ = {isa = PBXFileReference; lastKnownFileType = sourcecode.swift; path = ShoppingListMockupView.swift; sourceTree = "<group>"; };
		E70000000000000000000011 /* ShoppingListLiveService.swift */ = {isa = PBXFileReference; lastKnownFileType = sourcecode.swift; path = ShoppingListLiveService.swift; sourceTree = "<group>"; };
/* End PBXFileReference section */

/* Begin PBXFrameworksBuildPhase section */
		A10000000000000000000020 /* Frameworks */ = {
			isa = PBXFrameworksBuildPhase;
			buildActionMask = 2147483647;
			files = (
			);
			runOnlyForDeploymentPostprocessing = 0;
		};
		A50000000000000000000005 /* Frameworks */ = {
			isa = PBXFrameworksBuildPhase;
			buildActionMask = 2147483647;
			files = (
			);
			runOnlyForDeploymentPostprocessing = 0;
		};
/* End PBXFrameworksBuildPhase section */

/* Begin PBXGroup section */
		A10000000000000000000030 = {
			isa = PBXGroup;
			children = (
				A10000000000000000000031 /* LevyHome */,
				A50000000000000000000004 /* LevyHomeTests */,
				A10000000000000000000032 /* Products */,
			);
			sourceTree = "<group>";
		};
		A10000000000000000000031 /* LevyHome */ = {
			isa = PBXGroup;
			children = (
				3ED0FA092FE73778007B46DD /* LevyHomeRelease.entitlements */,
				A10000000000000000000033 /* App */,
				A20000000000000000000021 /* Theme */,
				A40000000000000000000021 /* Models */,
				A70000000000000000000021 /* Services */,
				A80000000000000000000021 /* ViewModels */,
				A10000000000000000000035 /* Views */,
				A30000000000000000000021 /* PreviewSupport */,
				A10000000000000000000034 /* Resources */,
			);
			path = LevyHome;
			sourceTree = "<group>";
		};
		A10000000000000000000032 /* Products */ = {
			isa = PBXGroup;
			children = (
				A10000000000000000000004 /* LevyHome.app */,
				A50000000000000000000001 /* LevyHomeTests.xctest */,
			);
			name = Products;
			sourceTree = "<group>";
		};
		A10000000000000000000033 /* App */ = {
			isa = PBXGroup;
			children = (
				A10000000000000000000010 /* LevyHomeApp.swift */,
				A10000000000000000000014 /* AppConfig.swift */,
				A10000000000000000000015 /* AppEnvironment.swift */,
				C10000000000000000000011 /* AppDelegate.swift */,
				A10000000000000000000016 /* BuildConfiguration.swift */,
			);
			path = App;
			sourceTree = "<group>";
		};
		A10000000000000000000034 /* Resources */ = {
			isa = PBXGroup;
			children = (
				A10000000000000000000011 /* Assets.xcassets */,
				A10000000000000000000012 /* Info.plist */,
				C10000000000000000000010 /* LevyHome.entitlements */,
				A10000000000000000000013 /* PrivacyInfo.xcprivacy */,
			);
			path = Resources;
			sourceTree = "<group>";
		};
		A10000000000000000000035 /* Views */ = {
			isa = PBXGroup;
			children = (
				A10000000000000000000036 /* Root */,
				A10000000000000000000037 /* Home */,
				A10000000000000000000038 /* Activity */,
				A10000000000000000000039 /* Notifications */,
				E10000000000000000000021 /* Shopping */,
				E00000000000000000000021 /* ToDo */,
				AA0000000000000000000021 /* Preferences */,
				C10000000000000000000021 /* DeveloperTools */,
				A20000000000000000000022 /* Shared */,
			);
			path = Views;
			sourceTree = "<group>";
		};
		A10000000000000000000036 /* Root */ = {
			isa = PBXGroup;
			children = (
				A10000000000000000000017 /* RootTabView.swift */,
			);
			path = Root;
			sourceTree = "<group>";
		};
		A10000000000000000000037 /* Home */ = {
			isa = PBXGroup;
			children = (
				A10000000000000000000018 /* HomeView.swift */,
				A30000000000000000000011 /* GarageStatusCard.swift */,
				A30000000000000000000012 /* LightSummaryCard.swift */,
				A30000000000000000000013 /* RecentImportantEventView.swift */,
				A30000000000000000000014 /* QuickActionsView.swift */,
			);
			path = Home;
			sourceTree = "<group>";
		};
		A10000000000000000000038 /* Activity */ = {
			isa = PBXGroup;
			children = (
				A10000000000000000000019 /* ActivityView.swift */,
				A80000000000000000000014 /* EventCardView.swift */,
				A80000000000000000000013 /* SeverityBadgeView.swift */,
			);
			path = Activity;
			sourceTree = "<group>";
		};
		A10000000000000000000039 /* Notifications */ = {
			isa = PBXGroup;
			children = (
				A1000000000000000000001A /* NotificationHubView.swift */,
			);
			path = Notifications;
			sourceTree = "<group>";
		};
		A20000000000000000000021 /* Theme */ = {
			isa = PBXGroup;
			children = (
				A20000000000000000000011 /* AppColors.swift */,
				A20000000000000000000012 /* AppSpacing.swift */,
			);
			path = Theme;
			sourceTree = "<group>";
		};
		A20000000000000000000022 /* Shared */ = {
			isa = PBXGroup;
			children = (
				A20000000000000000000013 /* InfoPanel.swift */,
				A20000000000000000000014 /* ErrorBannerView.swift */,
				A20000000000000000000015 /* PrimaryActionButton.swift */,
				A20000000000000000000016 /* StatusBadgeView.swift */,
				A20000000000000000000017 /* AppScreenChrome.swift */,
				A20000000000000000000018 /* SwipeRevealActionRow.swift */,
			);
			path = Shared;
			sourceTree = "<group>";
		};
		A30000000000000000000021 /* PreviewSupport */ = {
			isa = PBXGroup;
			children = (
				A30000000000000000000015 /* PreviewData.swift */,
			);
			path = PreviewSupport;
			sourceTree = "<group>";
		};
		A40000000000000000000021 /* Models */ = {
			isa = PBXGroup;
			children = (
				A40000000000000000000011 /* EventType.swift */,
				A40000000000000000000012 /* EventSeverity.swift */,
				A40000000000000000000013 /* LevyHomeEvent.swift */,
				A40000000000000000000014 /* HomeOverview.swift */,
				B30000000000000000000011 /* HomeWeatherSnapshot.swift */,
				A40000000000000000000015 /* GarageStatus.swift */,
				A40000000000000000000016 /* LightSummary.swift */,
				A40000000000000000000017 /* QuickAction.swift */,
				A40000000000000000000018 /* NotificationPreference.swift */,
				D10000000000000000000011 /* ThemePreference.swift */,
				A60000000000000000000011 /* APIError.swift */,
				A60000000000000000000012 /* APIRequests.swift */,
				A60000000000000000000013 /* APIResponses.swift */,
			);
			path = Models;
			sourceTree = "<group>";
		};
		A50000000000000000000004 /* LevyHomeTests */ = {
			isa = PBXGroup;
			children = (
				A50000000000000000000002 /* ModelDecodingTests.swift */,
				A60000000000000000000014 /* APIModelDecodingTests.swift */,
				A70000000000000000000012 /* APIClientTests.swift */,
				A80000000000000000000015 /* ActivityViewModelTests.swift */,
				B10000000000000000000013 /* HomeOverviewViewModelTests.swift */,
				B30000000000000000000014 /* HomeWeatherViewModelTests.swift */,
				B20000000000000000000013 /* QuickActionsViewModelTests.swift */,
				B20000000000000000000014 /* GarageCompletionWatchPolicyTests.swift */,
				E20000000000000000000013 /* ShoppingListViewModelTests.swift */,
				A90000000000000000000014 /* NotificationPreferencesViewModelTests.swift */,
				D10000000000000000000015 /* ThemePreferenceViewModelTests.swift */,
				C10000000000000000000015 /* PushRegistrationViewModelTests.swift */,
			);
			path = LevyHomeTests;
			sourceTree = "<group>";
		};
		A70000000000000000000021 /* Services */ = {
			isa = PBXGroup;
			children = (
				A70000000000000000000011 /* APIClient.swift */,
				E70000000000000000000011 /* ShoppingListLiveService.swift */,
				A80000000000000000000012 /* DateFormattingService.swift */,
				B10000000000000000000011 /* HomeStatusService.swift */,
				B30000000000000000000012 /* HomeWeatherService.swift */,
				B20000000000000000000011 /* QuickActionService.swift */,
				A90000000000000000000011 /* NotificationPreferencesService.swift */,
				D10000000000000000000012 /* ThemePreferenceService.swift */,
				C10000000000000000000012 /* NotificationService.swift */,
			);
			path = Services;
			sourceTree = "<group>";
		};
		A80000000000000000000021 /* ViewModels */ = {
			isa = PBXGroup;
			children = (
				A80000000000000000000011 /* ActivityViewModel.swift */,
				B10000000000000000000012 /* HomeOverviewViewModel.swift */,
				B30000000000000000000013 /* HomeWeatherViewModel.swift */,
				B20000000000000000000012 /* QuickActionsViewModel.swift */,
				A90000000000000000000012 /* NotificationPreferencesViewModel.swift */,
				D10000000000000000000013 /* ThemePreferenceViewModel.swift */,
				C10000000000000000000013 /* PushRegistrationViewModel.swift */,
			);
			path = ViewModels;
			sourceTree = "<group>";
		};
		AA0000000000000000000021 /* Preferences */ = {
			isa = PBXGroup;
			children = (
				AA0000000000000000000011 /* PreferencesView.swift */,
				A90000000000000000000013 /* NotificationDeliveryStatusView.swift */,
				A1000000000000000000001B /* NotificationPreferencesView.swift */,
				D10000000000000000000014 /* ThemePreferenceView.swift */,
			);
			path = Preferences;
			sourceTree = "<group>";
		};
		C10000000000000000000021 /* DeveloperTools */ = {
			isa = PBXGroup;
			children = (
				C10000000000000000000014 /* DebugView.swift */,
			);
			path = DeveloperTools;
			sourceTree = "<group>";
		};
		E00000000000000000000021 /* ToDo */ = {
			isa = PBXGroup;
			children = (
				E00000000000000000000011 /* ToDoView.swift */,
			);
			path = ToDo;
			sourceTree = "<group>";
		};
		E10000000000000000000021 /* Shopping */ = {
			isa = PBXGroup;
			children = (
				E10000000000000000000011 /* ShoppingListMockupView.swift */,
			);
			path = Shopping;
			sourceTree = "<group>";
		};
/* End PBXGroup section */

/* Begin PBXNativeTarget section */
		A10000000000000000000040 /* LevyHome */ = {
			isa = PBXNativeTarget;
			buildConfigurationList = A10000000000000000000060 /* Build configuration list for PBXNativeTarget "LevyHome" */;
			buildPhases = (
				A10000000000000000000050 /* Sources */,
				A10000000000000000000020 /* Frameworks */,
				A10000000000000000000051 /* Resources */,
			);
			buildRules = (
			);
			dependencies = (
			);
			name = LevyHome;
			productName = LevyHome;
			productReference = A10000000000000000000004 /* LevyHome.app */;
			productType = "com.apple.product-type.application";
		};
		A50000000000000000000008 /* LevyHomeTests */ = {
			isa = PBXNativeTarget;
			buildConfigurationList = A50000000000000000000009 /* Build configuration list for PBXNativeTarget "LevyHomeTests" */;
			buildPhases = (
				A50000000000000000000006 /* Sources */,
				A50000000000000000000005 /* Frameworks */,
				A50000000000000000000007 /* Resources */,
			);
			buildRules = (
			);
			dependencies = (
				A5000000000000000000000D /* PBXTargetDependency */,
			);
			name = LevyHomeTests;
			productName = LevyHomeTests;
			productReference = A50000000000000000000001 /* LevyHomeTests.xctest */;
			productType = "com.apple.product-type.bundle.unit-test";
		};
/* End PBXNativeTarget section */

/* Begin PBXProject section */
		A10000000000000000000041 /* Project object */ = {
			isa = PBXProject;
			attributes = {
				BuildIndependentTargetsInParallel = 1;
				LastSwiftUpdateCheck = 2650;
				LastUpgradeCheck = 2660;
				TargetAttributes = {
					A10000000000000000000040 = {
						CreatedOnToolsVersion = 26.5;
					};
					A50000000000000000000008 = {
						CreatedOnToolsVersion = 26.5;
						TestTargetID = A10000000000000000000040;
					};
				};
			};
			buildConfigurationList = A10000000000000000000061 /* Build configuration list for PBXProject "LevyHome" */;
			compatibilityVersion = "Xcode 14.0";
			developmentRegion = en;
			hasScannedForEncodings = 0;
			knownRegions = (
				en,
				Base,
			);
			mainGroup = A10000000000000000000030;
			productRefGroup = A10000000000000000000032 /* Products */;
			projectDirPath = "";
			projectRoot = "";
			targets = (
				A10000000000000000000040 /* LevyHome */,
				A50000000000000000000008 /* LevyHomeTests */,
			);
		};
/* End PBXProject section */

/* Begin PBXResourcesBuildPhase section */
		A10000000000000000000051 /* Resources */ = {
			isa = PBXResourcesBuildPhase;
			buildActionMask = 2147483647;
			files = (
				A10000000000000000000002 /* Assets.xcassets in Resources */,
				A10000000000000000000003 /* PrivacyInfo.xcprivacy in Resources */,
			);
			runOnlyForDeploymentPostprocessing = 0;
		};
		A50000000000000000000007 /* Resources */ = {
			isa = PBXResourcesBuildPhase;
			buildActionMask = 2147483647;
			files = (
			);
			runOnlyForDeploymentPostprocessing = 0;
		};
/* End PBXResourcesBuildPhase section */

/* Begin PBXSourcesBuildPhase section */
		A10000000000000000000050 /* Sources */ = {
			isa = PBXSourcesBuildPhase;
			buildActionMask = 2147483647;
			files = (
				A10000000000000000000001 /* LevyHomeApp.swift in Sources */,
				A10000000000000000000005 /* AppConfig.swift in Sources */,
				A10000000000000000000006 /* AppEnvironment.swift in Sources */,
				A10000000000000000000007 /* BuildConfiguration.swift in Sources */,
				C10000000000000000000001 /* AppDelegate.swift in Sources */,
				A10000000000000000000008 /* RootTabView.swift in Sources */,
				A10000000000000000000009 /* HomeView.swift in Sources */,
				A1000000000000000000000A /* ActivityView.swift in Sources */,
				A1000000000000000000000B /* NotificationHubView.swift in Sources */,
				A1000000000000000000000C /* NotificationPreferencesView.swift in Sources */,
				E10000000000000000000001 /* ShoppingListMockupView.swift in Sources */,
				E00000000000000000000001 /* ToDoView.swift in Sources */,
				A20000000000000000000001 /* AppColors.swift in Sources */,
				A20000000000000000000002 /* AppSpacing.swift in Sources */,
				A20000000000000000000003 /* InfoPanel.swift in Sources */,
				A20000000000000000000004 /* ErrorBannerView.swift in Sources */,
				A20000000000000000000005 /* PrimaryActionButton.swift in Sources */,
				A20000000000000000000006 /* StatusBadgeView.swift in Sources */,
				A20000000000000000000007 /* AppScreenChrome.swift in Sources */,
				A20000000000000000000008 /* SwipeRevealActionRow.swift in Sources */,
				A30000000000000000000001 /* GarageStatusCard.swift in Sources */,
				A30000000000000000000002 /* LightSummaryCard.swift in Sources */,
				A30000000000000000000003 /* RecentImportantEventView.swift in Sources */,
				A30000000000000000000004 /* QuickActionsView.swift in Sources */,
				A30000000000000000000005 /* PreviewData.swift in Sources */,
				A40000000000000000000001 /* EventType.swift in Sources */,
				A40000000000000000000002 /* EventSeverity.swift in Sources */,
				A40000000000000000000003 /* LevyHomeEvent.swift in Sources */,
				A40000000000000000000004 /* HomeOverview.swift in Sources */,
				B30000000000000000000001 /* HomeWeatherSnapshot.swift in Sources */,
				A40000000000000000000005 /* GarageStatus.swift in Sources */,
				A40000000000000000000006 /* LightSummary.swift in Sources */,
				A40000000000000000000007 /* QuickAction.swift in Sources */,
				A40000000000000000000008 /* NotificationPreference.swift in Sources */,
				D10000000000000000000001 /* ThemePreference.swift in Sources */,
				A60000000000000000000001 /* APIError.swift in Sources */,
				A60000000000000000000002 /* APIRequests.swift in Sources */,
				A60000000000000000000003 /* APIResponses.swift in Sources */,
				A70000000000000000000001 /* APIClient.swift in Sources */,
				E70000000000000000000001 /* ShoppingListLiveService.swift in Sources */,
				A80000000000000000000001 /* ActivityViewModel.swift in Sources */,
				A80000000000000000000002 /* DateFormattingService.swift in Sources */,
				A80000000000000000000003 /* SeverityBadgeView.swift in Sources */,
				A80000000000000000000004 /* EventCardView.swift in Sources */,
				B10000000000000000000001 /* HomeStatusService.swift in Sources */,
				B10000000000000000000002 /* HomeOverviewViewModel.swift in Sources */,
				B30000000000000000000002 /* HomeWeatherService.swift in Sources */,
				B30000000000000000000003 /* HomeWeatherViewModel.swift in Sources */,
				B20000000000000000000001 /* QuickActionService.swift in Sources */,
				B20000000000000000000002 /* QuickActionsViewModel.swift in Sources */,
				A90000000000000000000001 /* NotificationPreferencesService.swift in Sources */,
				A90000000000000000000002 /* NotificationPreferencesViewModel.swift in Sources */,
				A90000000000000000000003 /* NotificationDeliveryStatusView.swift in Sources */,
				D10000000000000000000002 /* ThemePreferenceService.swift in Sources */,
				D10000000000000000000003 /* ThemePreferenceViewModel.swift in Sources */,
				D10000000000000000000004 /* ThemePreferenceView.swift in Sources */,
				C10000000000000000000002 /* NotificationService.swift in Sources */,
				C10000000000000000000003 /* PushRegistrationViewModel.swift in Sources */,
				C10000000000000000000004 /* DebugView.swift in Sources */,
				AA0000000000000000000001 /* PreferencesView.swift in Sources */,
			);
			runOnlyForDeploymentPostprocessing = 0;
		};
		A50000000000000000000006 /* Sources */ = {
			isa = PBXSourcesBuildPhase;
			buildActionMask = 2147483647;
			files = (
				A50000000000000000000003 /* ModelDecodingTests.swift in Sources */,
				A60000000000000000000004 /* APIModelDecodingTests.swift in Sources */,
				A70000000000000000000002 /* APIClientTests.swift in Sources */,
				A80000000000000000000005 /* ActivityViewModelTests.swift in Sources */,
				B10000000000000000000003 /* HomeOverviewViewModelTests.swift in Sources */,
				B30000000000000000000004 /* HomeWeatherViewModelTests.swift in Sources */,
				B20000000000000000000003 /* QuickActionsViewModelTests.swift in Sources */,
				B20000000000000000000004 /* GarageCompletionWatchPolicyTests.swift in Sources */,
				E20000000000000000000003 /* ShoppingListViewModelTests.swift in Sources */,
				A90000000000000000000004 /* NotificationPreferencesViewModelTests.swift in Sources */,
				D10000000000000000000005 /* ThemePreferenceViewModelTests.swift in Sources */,
				C10000000000000000000005 /* PushRegistrationViewModelTests.swift in Sources */,
			);
			runOnlyForDeploymentPostprocessing = 0;
		};
/* End PBXSourcesBuildPhase section */

/* Begin PBXTargetDependency section */
		A5000000000000000000000D /* PBXTargetDependency */ = {
			isa = PBXTargetDependency;
			target = A10000000000000000000040 /* LevyHome */;
			targetProxy = A5000000000000000000000C /* PBXContainerItemProxy */;
		};
/* End PBXTargetDependency section */

/* Begin XCBuildConfiguration section */
		A10000000000000000000070 /* Debug */ = {
			isa = XCBuildConfiguration;
			buildSettings = {
				ALWAYS_SEARCH_USER_PATHS = NO;
				CLANG_ANALYZER_NONNULL = YES;
				CLANG_ANALYZER_NUMBER_OBJECT_CONVERSION = YES_AGGRESSIVE;
				CLANG_CXX_LANGUAGE_STANDARD = "gnu++20";
				CLANG_ENABLE_MODULES = YES;
				CLANG_ENABLE_OBJC_ARC = YES;
				CLANG_ENABLE_OBJC_WEAK = YES;
				CLANG_WARN_BLOCK_CAPTURE_AUTORELEASING = YES;
				CLANG_WARN_BOOL_CONVERSION = YES;
				CLANG_WARN_COMMA = YES;
				CLANG_WARN_CONSTANT_CONVERSION = YES;
				CLANG_WARN_DEPRECATED_OBJC_IMPLEMENTATIONS = YES;
				CLANG_WARN_DIRECT_OBJC_ISA_USAGE = YES_ERROR;
				CLANG_WARN_DOCUMENTATION_COMMENTS = YES;
				CLANG_WARN_EMPTY_BODY = YES;
				CLANG_WARN_ENUM_CONVERSION = YES;
				CLANG_WARN_INFINITE_RECURSION = YES;
				CLANG_WARN_INT_CONVERSION = YES;
				CLANG_WARN_NON_LITERAL_NULL_CONVERSION = YES;
				CLANG_WARN_OBJC_IMPLICIT_RETAIN_SELF = YES;
				CLANG_WARN_OBJC_LITERAL_CONVERSION = YES;
				CLANG_WARN_OBJC_ROOT_CLASS = YES_ERROR;
				CLANG_WARN_QUOTED_INCLUDE_IN_FRAMEWORK_HEADER = YES;
				CLANG_WARN_RANGE_LOOP_ANALYSIS = YES;
				CLANG_WARN_STRICT_PROTOTYPES = YES;
				CLANG_WARN_SUSPICIOUS_MOVE = YES;
				CLANG_WARN_UNGUARDED_AVAILABILITY = YES_AGGRESSIVE;
				CLANG_WARN_UNREACHABLE_CODE = YES;
				CLANG_WARN__DUPLICATE_METHOD_MATCH = YES;
				COPY_PHASE_STRIP = NO;
				DEBUG_INFORMATION_FORMAT = dwarf;
				ENABLE_STRICT_OBJC_MSGSEND = YES;
				ENABLE_TESTABILITY = YES;
				ENABLE_USER_SCRIPT_SANDBOXING = YES;
				GCC_C_LANGUAGE_STANDARD = gnu17;
				GCC_DYNAMIC_NO_PIC = NO;
				GCC_NO_COMMON_BLOCKS = YES;
				GCC_OPTIMIZATION_LEVEL = 0;
				GCC_PREPROCESSOR_DEFINITIONS = (
					"DEBUG=1",
					"$(inherited)",
				);
				GCC_WARN_64_TO_32_BIT_CONVERSION = YES;
				GCC_WARN_ABOUT_RETURN_TYPE = YES_ERROR;
				GCC_WARN_UNDECLARED_SELECTOR = YES;
				GCC_WARN_UNINITIALIZED_AUTOS = YES_AGGRESSIVE;
				GCC_WARN_UNUSED_FUNCTION = YES;
				GCC_WARN_UNUSED_VARIABLE = YES;
				IPHONEOS_DEPLOYMENT_TARGET = 18.0;
				MTL_ENABLE_DEBUG_INFO = INCLUDE_SOURCE;
				MTL_FAST_MATH = YES;
				ONLY_ACTIVE_ARCH = YES;
				SDKROOT = iphoneos;
				STRING_CATALOG_GENERATE_SYMBOLS = YES;
				SWIFT_ACTIVE_COMPILATION_CONDITIONS = DEBUG;
				SWIFT_OPTIMIZATION_LEVEL = "-Onone";
			};
			name = Debug;
		};
		A10000000000000000000071 /* Release */ = {
			isa = XCBuildConfiguration;
			buildSettings = {
				ALWAYS_SEARCH_USER_PATHS = NO;
				CLANG_ANALYZER_NONNULL = YES;
				CLANG_ANALYZER_NUMBER_OBJECT_CONVERSION = YES_AGGRESSIVE;
				CLANG_CXX_LANGUAGE_STANDARD = "gnu++20";
				CLANG_ENABLE_MODULES = YES;
				CLANG_ENABLE_OBJC_ARC = YES;
				CLANG_ENABLE_OBJC_WEAK = YES;
				CLANG_WARN_BLOCK_CAPTURE_AUTORELEASING = YES;
				CLANG_WARN_BOOL_CONVERSION = YES;
				CLANG_WARN_COMMA = YES;
				CLANG_WARN_CONSTANT_CONVERSION = YES;
				CLANG_WARN_DEPRECATED_OBJC_IMPLEMENTATIONS = YES;
				CLANG_WARN_DIRECT_OBJC_ISA_USAGE = YES_ERROR;
				CLANG_WARN_DOCUMENTATION_COMMENTS = YES;
				CLANG_WARN_EMPTY_BODY = YES;
				CLANG_WARN_ENUM_CONVERSION = YES;
				CLANG_WARN_INFINITE_RECURSION = YES;
				CLANG_WARN_INT_CONVERSION = YES;
				CLANG_WARN_NON_LITERAL_NULL_CONVERSION = YES;
				CLANG_WARN_OBJC_IMPLICIT_RETAIN_SELF = YES;
				CLANG_WARN_OBJC_LITERAL_CONVERSION = YES;
				CLANG_WARN_OBJC_ROOT_CLASS = YES_ERROR;
				CLANG_WARN_QUOTED_INCLUDE_IN_FRAMEWORK_HEADER = YES;
				CLANG_WARN_RANGE_LOOP_ANALYSIS = YES;
				CLANG_WARN_STRICT_PROTOTYPES = YES;
				CLANG_WARN_SUSPICIOUS_MOVE = YES;
				CLANG_WARN_UNGUARDED_AVAILABILITY = YES_AGGRESSIVE;
				CLANG_WARN_UNREACHABLE_CODE = YES;
				CLANG_WARN__DUPLICATE_METHOD_MATCH = YES;
				COPY_PHASE_STRIP = NO;
				DEBUG_INFORMATION_FORMAT = "dwarf-with-dsym";
				ENABLE_NS_ASSERTIONS = NO;
				ENABLE_STRICT_OBJC_MSGSEND = YES;
				ENABLE_USER_SCRIPT_SANDBOXING = YES;
				GCC_C_LANGUAGE_STANDARD = gnu17;
				GCC_NO_COMMON_BLOCKS = YES;
				GCC_WARN_64_TO_32_BIT_CONVERSION = YES;
				GCC_WARN_ABOUT_RETURN_TYPE = YES_ERROR;
				GCC_WARN_UNDECLARED_SELECTOR = YES;
				GCC_WARN_UNINITIALIZED_AUTOS = YES_AGGRESSIVE;
				GCC_WARN_UNUSED_FUNCTION = YES;
				GCC_WARN_UNUSED_VARIABLE = YES;
				IPHONEOS_DEPLOYMENT_TARGET = 18.0;
				MTL_ENABLE_DEBUG_INFO = NO;
				MTL_FAST_MATH = YES;
				SDKROOT = iphoneos;
				STRING_CATALOG_GENERATE_SYMBOLS = YES;
				SWIFT_COMPILATION_MODE = wholemodule;
				VALIDATE_PRODUCT = YES;
			};
			name = Release;
		};
		A10000000000000000000072 /* Debug */ = {
			isa = XCBuildConfiguration;
			buildSettings = {
				ASSETCATALOG_COMPILER_APPICON_NAME = AppIcon;
				ASSETCATALOG_COMPILER_GENERATE_SWIFT_ASSET_SYMBOL_EXTENSIONS = YES;
				CODE_SIGN_ENTITLEMENTS = LevyHome/Resources/LevyHome.entitlements;
				CODE_SIGN_STYLE = Automatic;
				CURRENT_PROJECT_VERSION = 9;
				DEVELOPMENT_ASSET_PATHS = "";
				DEVELOPMENT_TEAM = 45K7QCRX6Y;
				GENERATE_INFOPLIST_FILE = NO;
				INFOPLIST_FILE = LevyHome/Resources/Info.plist;
				INFOPLIST_KEY_CFBundleDisplayName = "Levy Home";
				INFOPLIST_KEY_LSApplicationCategoryType = "public.app-category.utilities";
				IPHONEOS_DEPLOYMENT_TARGET = 18.0;
				LD_RUNPATH_SEARCH_PATHS = (
					"$(inherited)",
					"@executable_path/Frameworks",
				);
				LEVY_HOME_API_BASE_URL = "https://levy-home.onrender.com";
				MARKETING_VERSION = 0.4.3;
				PRODUCT_BUNDLE_IDENTIFIER = com.levyhome.app;
				PRODUCT_NAME = "$(TARGET_NAME)";
				SDKROOT = iphoneos;
				SUPPORTED_PLATFORMS = "iphoneos iphonesimulator";
				SUPPORTS_MACCATALYST = NO;
				SWIFT_EMIT_LOC_STRINGS = YES;
				SWIFT_VERSION = 5.0;
				TARGETED_DEVICE_FAMILY = 1;
			};
			name = Debug;
		};
		A10000000000000000000073 /* Release */ = {
			isa = XCBuildConfiguration;
			buildSettings = {
				ASSETCATALOG_COMPILER_APPICON_NAME = AppIcon;
				ASSETCATALOG_COMPILER_GENERATE_SWIFT_ASSET_SYMBOL_EXTENSIONS = YES;
				CODE_SIGN_ENTITLEMENTS = LevyHome/LevyHomeRelease.entitlements;
				CODE_SIGN_STYLE = Automatic;
				CURRENT_PROJECT_VERSION = 9;
				DEVELOPMENT_ASSET_PATHS = "";
				DEVELOPMENT_TEAM = 45K7QCRX6Y;
				GENERATE_INFOPLIST_FILE = NO;
				INFOPLIST_FILE = LevyHome/Resources/Info.plist;
				INFOPLIST_KEY_CFBundleDisplayName = "Levy Home";
				INFOPLIST_KEY_LSApplicationCategoryType = "public.app-category.utilities";
				IPHONEOS_DEPLOYMENT_TARGET = 18.0;
				LD_RUNPATH_SEARCH_PATHS = (
					"$(inherited)",
					"@executable_path/Frameworks",
				);
				LEVY_HOME_API_BASE_URL = "https://levy-home.onrender.com";
				MARKETING_VERSION = 0.4.3;
				PRODUCT_BUNDLE_IDENTIFIER = com.levyhome.app;
				PRODUCT_NAME = "$(TARGET_NAME)";
				SDKROOT = iphoneos;
				SUPPORTED_PLATFORMS = "iphoneos iphonesimulator";
				SUPPORTS_MACCATALYST = NO;
				SWIFT_EMIT_LOC_STRINGS = YES;
				SWIFT_VERSION = 5.0;
				TARGETED_DEVICE_FAMILY = 1;
			};
			name = Release;
		};
		A5000000000000000000000A /* Debug */ = {
			isa = XCBuildConfiguration;
			buildSettings = {
				BUNDLE_LOADER = "$(TEST_HOST)";
				CODE_SIGN_STYLE = Automatic;
				CURRENT_PROJECT_VERSION = 9;
				DEVELOPMENT_TEAM = "";
				GENERATE_INFOPLIST_FILE = YES;
				IPHONEOS_DEPLOYMENT_TARGET = 18.0;
				LD_RUNPATH_SEARCH_PATHS = (
					"$(inherited)",
					"@executable_path/Frameworks",
					"@loader_path/Frameworks",
				);
				MARKETING_VERSION = 0.4.3;
				PRODUCT_BUNDLE_IDENTIFIER = com.levyhome.app.tests;
				PRODUCT_NAME = "$(TARGET_NAME)";
				SDKROOT = iphoneos;
				SUPPORTED_PLATFORMS = "iphoneos iphonesimulator";
				SUPPORTS_MACCATALYST = NO;
				SWIFT_EMIT_LOC_STRINGS = NO;
				SWIFT_VERSION = 5.0;
				TARGETED_DEVICE_FAMILY = 1;
				TEST_HOST = "$(BUILT_PRODUCTS_DIR)/LevyHome.app/$(BUNDLE_EXECUTABLE_FOLDER_PATH)/LevyHome";
			};
			name = Debug;
		};
		A5000000000000000000000B /* Release */ = {
			isa = XCBuildConfiguration;
			buildSettings = {
				BUNDLE_LOADER = "$(TEST_HOST)";
				CODE_SIGN_STYLE = Automatic;
				CURRENT_PROJECT_VERSION = 9;
				DEVELOPMENT_TEAM = "";
				GENERATE_INFOPLIST_FILE = YES;
				IPHONEOS_DEPLOYMENT_TARGET = 18.0;
				LD_RUNPATH_SEARCH_PATHS = (
					"$(inherited)",
					"@executable_path/Frameworks",
					"@loader_path/Frameworks",
				);
				MARKETING_VERSION = 0.4.3;
				PRODUCT_BUNDLE_IDENTIFIER = com.levyhome.app.tests;
				PRODUCT_NAME = "$(TARGET_NAME)";
				SDKROOT = iphoneos;
				SUPPORTED_PLATFORMS = "iphoneos iphonesimulator";
				SUPPORTS_MACCATALYST = NO;
				SWIFT_EMIT_LOC_STRINGS = NO;
				SWIFT_VERSION = 5.0;
				TARGETED_DEVICE_FAMILY = 1;
				TEST_HOST = "$(BUILT_PRODUCTS_DIR)/LevyHome.app/$(BUNDLE_EXECUTABLE_FOLDER_PATH)/LevyHome";
			};
			name = Release;
		};
/* End XCBuildConfiguration section */

/* Begin XCConfigurationList section */
		A10000000000000000000060 /* Build configuration list for PBXNativeTarget "LevyHome" */ = {
			isa = XCConfigurationList;
			buildConfigurations = (
				A10000000000000000000072 /* Debug */,
				A10000000000000000000073 /* Release */,
			);
			defaultConfigurationIsVisible = 0;
			defaultConfigurationName = Release;
		};
		A10000000000000000000061 /* Build configuration list for PBXProject "LevyHome" */ = {
			isa = XCConfigurationList;
			buildConfigurations = (
				A10000000000000000000070 /* Debug */,
				A10000000000000000000071 /* Release */,
			);
			defaultConfigurationIsVisible = 0;
			defaultConfigurationName = Release;
		};
		A50000000000000000000009 /* Build configuration list for PBXNativeTarget "LevyHomeTests" */ = {
			isa = XCConfigurationList;
			buildConfigurations = (
				A5000000000000000000000A /* Debug */,
				A5000000000000000000000B /* Release */,
			);
			defaultConfigurationIsVisible = 0;
			defaultConfigurationName = Release;
		};
/* End XCConfigurationList section */
	};
	rootObject = A10000000000000000000041 /* Project object */;
}
